
Microsoft Visual Studio Solution File, Format Version 12.00
# Visual Studio 14
VisualStudioVersion = 14.0.25420.1
MinimumVisualStudioVersion = 10.0.40219.1
Project("{FAE04EC0-301F-11D3-BF4B-00C04F79EFBC}") = "HabitatReStoreMobile.Android", "HabitatReStoreMobile\HabitatReStoreMobile.Android\HabitatReStoreMobile.Android.csproj", "{742F69B5-BC13-45E7-88C3-F0A7E65DFA82}"
EndProject
Project("{FAE04EC0-301F-11D3-BF4B-00C04F79EFBC}") = "HabitatReStoreMobile", "HabitatReStoreMobile\HabitatReStoreMobile\HabitatReStoreMobile.csproj", "{0FFF4878-FACD-4AA5-9506-CF5333811B21}"
EndProject
Project("{FAE04EC0-301F-11D3-BF4B-00C04F79EFBC}") = "HabitatReStoreMobile.iOS", "HabitatReStoreMobile\HabitatReStoreMobile.iOS\HabitatReStoreMobile.iOS.csproj", "{DCB070E3-A2AF-4910-AFC3-9ED97EBAE4D1}"
EndProject
Global
	GlobalSection(SolutionConfigurationPlatforms) = preSolution
		Ad-Hoc|Any CPU = Ad-Hoc|Any CPU
		Ad-Hoc|ARM = Ad-Hoc|ARM
		Ad-Hoc|iPhone = Ad-Hoc|iPhone
		Ad-Hoc|iPhoneSimulator = Ad-Hoc|iPhoneSimulator
		Ad-Hoc|x64 = Ad-Hoc|x64
		Ad-Hoc|x86 = Ad-Hoc|x86
		AppStore|Any CPU = AppStore|Any CPU
		AppStore|ARM = AppStore|ARM
		AppStore|iPhone = AppStore|iPhone
		AppStore|iPhoneSimulator = AppStore|iPhoneSimulator
		AppStore|x64 = AppStore|x64
		AppStore|x86 = AppStore|x86
		Debug|Any CPU = Debug|Any CPU
		Debug|ARM = Debug|ARM
		Debug|iPhone = Debug|iPhone
		Debug|iPhoneSimulator = Debug|iPhoneSimulator
		Debug|x64 = Debug|x64
		Debug|x86 = Debug|x86
		Release|Any CPU = Release|Any CPU
		Release|ARM = Release|ARM
		Release|iPhone = Release|iPhone
		Release|iPhoneSimulator = Release|iPhoneSimulator
		Release|x64 = Release|x64
		Release|x86 = Release|x86
	EndGlobalSection
	GlobalSection(ProjectConfigurationPlatforms) = postSolution
		{742F69B5-BC13-45E7-88C3-F0A7E65DFA82}.Ad-Hoc|Any CPU.ActiveCfg = Release|Any CPU
		{742F69B5-BC13-45E7-88C3-F0A7E65DFA82}.Ad-Hoc|Any CPU.Build.0 = Release|Any CPU
		{742F69B5-BC13-45E7-88C3-F0A7E65DFA82}.Ad-Hoc|Any CPU.Deploy.0 = Release|Any CPU
		{742F69B5-BC13-45E7-88C3-F0A7E65DFA82}.Ad-Hoc|ARM.ActiveCfg = Release|Any CPU
		{742F69B5-BC13-45E7-88C3-F0A7E65DFA82}.Ad-Hoc|ARM.Build.0 = Release|Any CPU
		{742F69B5-BC13-45E7-88C3-F0A7E65DFA82}.Ad-Hoc|ARM.Deploy.0 = Release|Any CPU
		{742F69B5-BC13-45E7-88C3-F0A7E65DFA82}.Ad-Hoc|iPhone.ActiveCfg = Release|Any CPU
		{742F69B5-BC13-45E7-88C3-F0A7E65DFA82}.Ad-Hoc|iPhone.Build.0 = Release|Any CPU
		{742F69B5-BC13-45E7-88C3-F0A7E65DFA82}.Ad-Hoc|iPhone.Deploy.0 = Release|Any CPU
		{742F69B5-BC13-45E7-88C3-F0A7E65DFA82}.Ad-Hoc|iPhoneSimulator.ActiveCfg = Release|Any CPU
		{742F69B5-BC13-45E7-88C3-F0A7E65DFA82}.Ad-Hoc|iPhoneSimulator.Build.0 = Release|Any CPU
		{742F69B5-BC13-45E7-88C3-F0A7E65DFA82}.Ad-Hoc|iPhoneSimulator.Deploy.0 = Release|Any CPU
		{742F69B5-BC13-45E7-88C3-F0A7E65DFA82}.Ad-Hoc|x64.ActiveCfg = Release|Any CPU
		{742F69B5-BC13-45E7-88C3-F0A7E65DFA82}.Ad-Hoc|x64.Build.0 = Release|Any CPU
		{742F69B5-BC13-45E7-88C3-F0A7E65DFA82}.Ad-Hoc|x64.Deploy.0 = Release|Any CPU
		{742F69B5-BC13-45E7-88C3-F0A7E65DFA82}.Ad-Hoc|x86.ActiveCfg = Release|Any CPU
		{742F69B5-BC13-45E7-88C3-F0A7E65DFA82}.Ad-Hoc|x86.Build.0 = Release|Any CPU
		{742F69B5-BC13-45E7-88C3-F0A7E65DFA82}.Ad-Hoc|x86.Deploy.0 = Release|Any CPU
		{742F69B5-BC13-45E7-88C3-F0A7E65DFA82}.AppStore|Any CPU.ActiveCfg = Release|Any CPU
		{742F69B5-BC13-45E7-88C3-F0A7E65DFA82}.AppStore|Any CPU.Build.0 = Release|Any CPU
		{742F69B5-BC13-45E7-88C3-F0A7E65DFA82}.AppStore|Any CPU.Deploy.0 = Release|Any CPU
		{742F69B5-BC13-45E7-88C3-F0A7E65DFA82}.AppStore|ARM.ActiveCfg = Release|Any CPU
		{742F69B5-BC13-45E7-88C3-F0A7E65DFA82}.AppStore|ARM.Build.0 = Release|Any CPU
		{742F69B5-BC13-45E7-88C3-F0A7E65DFA82}.AppStore|ARM.Deploy.0 = Release|Any CPU
		{742F69B5-BC13-45E7-88C3-F0A7E65DFA82}.AppStore|iPhone.ActiveCfg = Release|Any CPU
		{742F69B5-BC13-45E7-88C3-F0A7E65DFA82}.AppStore|iPhone.Build.0 = Release|Any CPU
		{742F69B5-BC13-45E7-88C3-F0A7E65DFA82}.AppStore|iPhone.Deploy.0 = Release|Any CPU
		{742F69B5-BC13-45E7-88C3-F0A7E65DFA82}.AppStore|iPhoneSimulator.ActiveCfg = Release|Any CPU
		{742F69B5-BC13-45E7-88C3-F0A7E65DFA82}.AppStore|iPhoneSimulator.Build.0 = Release|Any CPU
		{742F69B5-BC13-45E7-88C3-F0A7E65DFA82}.AppStore|iPhoneSimulator.Deploy.0 = Release|Any CPU
		{742F69B5-BC13-45E7-88C3-F0A7E65DFA82}.AppStore|x64.ActiveCfg = Release|Any CPU
		{742F69B5-BC13-45E7-88C3-F0A7E65DFA82}.AppStore|x64.Build.0 = Release|Any CPU
		{742F69B5-BC13-45E7-88C3-F0A7E65DFA82}.AppStore|x64.Deploy.0 = Release|Any CPU
		{742F69B5-BC13-45E7-88C3-F0A7E65DFA82}.AppStore|x86.ActiveCfg = Release|Any CPU
		{742F69B5-BC13-45E7-88C3-F0A7E65DFA82}.AppStore|x86.Build.0 = Release|Any CPU
		{742F69B5-BC13-45E7-88C3-F0A7E65DFA82}.AppStore|x86.Deploy.0 = Release|Any CPU
		{742F69B5-BC13-45E7-88C3-F0A7E65DFA82}.Debug|Any CPU.ActiveCfg = Debug|Any CPU
		{742F69B5-BC13-45E7-88C3-F0A7E65DFA82}.Debug|Any CPU.Build.0 = Debug|Any CPU
		{742F69B5-BC13-45E7-88C3-F0A7E65DFA82}.Debug|Any CPU.Deploy.0 = Debug|Any CPU
		{742F69B5-BC13-45E7-88C3-F0A7E65DFA82}.Debug|ARM.ActiveCfg = Debug|Any CPU
		{742F69B5-BC13-45E7-88C3-F0A7E65DFA82}.Debug|ARM.Build.0 = Debug|Any CPU
		{742F69B5-BC13-45E7-88C3-F0A7E65DFA82}.Debug|ARM.Deploy.0 = Debug|Any CPU
		{742F69B5-BC13-45E7-88C3-F0A7E65DFA82}.Debug|iPhone.ActiveCfg = Debug|Any CPU
		{742F69B5-BC13-45E7-88C3-F0A7E65DFA82}.Debug|iPhone.Build.0 = Debug|Any CPU
		{742F69B5-BC13-45E7-88C3-F0A7E65DFA82}.Debug|iPhone.Deploy.0 = Debug|Any CPU
		{742F69B5-BC13-45E7-88C3-F0A7E65DFA82}.Debug|iPhoneSimulator.ActiveCfg = Debug|Any CPU
		{742F69B5-BC13-45E7-88C3-F0A7E65DFA82}.Debug|iPhoneSimulator.Build.0 = Debug|Any CPU
		{742F69B5-BC13-45E7-88C3-F0A7E65DFA82}.Debug|iPhoneSimulator.Deploy.0 = Debug|Any CPU
		{742F69B5-BC13-45E7-88C3-F0A7E65DFA82}.Debug|x64.ActiveCfg = Debug|Any CPU
		{742F69B5-BC13-45E7-88C3-F0A7E65DFA82}.Debug|x64.Build.0 = Debug|Any CPU
		{742F69B5-BC13-45E7-88C3-F0A7E65DFA82}.Debug|x64.Deploy.0 = Debug|Any CPU
		{742F69B5-BC13-45E7-88C3-F0A7E65DFA82}.Debug|x86.ActiveCfg = Debug|Any CPU
		{742F69B5-BC13-45E7-88C3-F0A7E65DFA82}.Debug|x86.Build.0 = Debug|Any CPU
		{742F69B5-BC13-45E7-88C3-F0A7E65DFA82}.Debug|x86.Deploy.0 = Debug|Any CPU
		{742F69B5-BC13-45E7-88C3-F0A7E65DFA82}.Release|Any CPU.ActiveCfg = Release|Any CPU
		{742F69B5-BC13-45E7-88C3-F0A7E65DFA82}.Release|Any CPU.Build.0 = Release|Any CPU
		{742F69B5-BC13-45E7-88C3-F0A7E65DFA82}.Release|Any CPU.Deploy.0 = Release|Any CPU
		{742F69B5-BC13-45E7-88C3-F0A7E65DFA82}.Release|ARM.ActiveCfg = Release|Any CPU
		{742F69B5-BC13-45E7-88C3-F0A7E65DFA82}.Release|ARM.Build.0 = Release|Any CPU
		{742F69B5-BC13-45E7-88C3-F0A7E65DFA82}.Release|ARM.Deploy.0 = Release|Any CPU
		{742F69B5-BC13-45E7-88C3-F0A7E65DFA82}.Release|iPhone.ActiveCfg = Release|Any CPU
		{742F69B5-BC13-45E7-88C3-F0A7E65DFA82}.Release|iPhone.Build.0 = Release|Any CPU
		{742F69B5-BC13-45E7-88C3-F0A7E65DFA82}.Release|iPhone.Deploy.0 = Release|Any CPU
		{742F69B5-BC13-45E7-88C3-F0A7E65DFA82}.Release|iPhoneSimulator.ActiveCfg = Release|Any CPU
		{742F69B5-BC13-45E7-88C3-F0A7E65DFA82}.Release|iPhoneSimulator.Build.0 = Release|Any CPU
		{742F69B5-BC13-45E7-88C3-F0A7E65DFA82}.Release|iPhoneSimulator.Deploy.0 = Release|Any CPU
		{742F69B5-BC13-45E7-88C3-F0A7E65DFA82}.Release|x64.ActiveCfg = Release|Any CPU
		{742F69B5-BC13-45E7-88C3-F0A7E65DFA82}.Release|x64.Build.0 = Release|Any CPU
		{742F69B5-BC13-45E7-88C3-F0A7E65DFA82}.Release|x64.Deploy.0 = Release|Any CPU
		{742F69B5-BC13-45E7-88C3-F0A7E65DFA82}.Release|x86.ActiveCfg = Release|Any CPU
		{742F69B5-BC13-45E7-88C3-F0A7E65DFA82}.Release|x86.Build.0 = Release|Any CPU
		{742F69B5-BC13-45E7-88C3-F0A7E65DFA82}.Release|x86.Deploy.0 = Release|Any CPU
		{0FFF4878-FACD-4AA5-9506-CF5333811B21}.Ad-Hoc|Any CPU.ActiveCfg = Release|Any CPU
		{0FFF4878-FACD-4AA5-9506-CF5333811B21}.Ad-Hoc|Any CPU.Build.0 = Release|Any CPU
		{0FFF4878-FACD-4AA5-9506-CF5333811B21}.Ad-Hoc|Any CPU.Deploy.0 = Release|Any CPU
		{0FFF4878-FACD-4AA5-9506-CF5333811B21}.Ad-Hoc|ARM.ActiveCfg = Release|Any CPU
		{0FFF4878-FACD-4AA5-9506-CF5333811B21}.Ad-Hoc|ARM.Build.0 = Release|Any CPU
		{0FFF4878-FACD-4AA5-9506-CF5333811B21}.Ad-Hoc|ARM.Deploy.0 = Release|Any CPU
		{0FFF4878-FACD-4AA5-9506-CF5333811B21}.Ad-Hoc|iPhone.ActiveCfg = Release|Any CPU
		{0FFF4878-FACD-4AA5-9506-CF5333811B21}.Ad-Hoc|iPhone.Build.0 = Release|Any CPU
		{0FFF4878-FACD-4AA5-9506-CF5333811B21}.Ad-Hoc|iPhone.Deploy.0 = Release|Any CPU
		{0FFF4878-FACD-4AA5-9506-CF5333811B21}.Ad-Hoc|iPhoneSimulator.ActiveCfg = Release|Any CPU
		{0FFF4878-FACD-4AA5-9506-CF5333811B21}.Ad-Hoc|iPhoneSimulator.Build.0 = Release|Any CPU
		{0FFF4878-FACD-4AA5-9506-CF5333811B21}.Ad-Hoc|iPhoneSimulator.Deploy.0 = Release|Any CPU
		{0FFF4878-FACD-4AA5-9506-CF5333811B21}.Ad-Hoc|x64.ActiveCfg = Release|Any CPU
		{0FFF4878-FACD-4AA5-9506-CF5333811B21}.Ad-Hoc|x64.Build.0 = Release|Any CPU
		{0FFF4878-FACD-4AA5-9506-CF5333811B21}.Ad-Hoc|x64.Deploy.0 = Release|Any CPU
		{0FFF4878-FACD-4AA5-9506-CF5333811B21}.Ad-Hoc|x86.ActiveCfg = Release|Any CPU
		{0FFF4878-FACD-4AA5-9506-CF5333811B21}.Ad-Hoc|x86.Build.0 = Release|Any CPU
		{0FFF4878-FACD-4AA5-9506-CF5333811B21}.Ad-Hoc|x86.Deploy.0 = Release|Any CPU
		{0FFF4878-FACD-4AA5-9506-CF5333811B21}.AppStore|Any CPU.ActiveCfg = Release|Any CPU
		{0FFF4878-FACD-4AA5-9506-CF5333811B21}.AppStore|Any CPU.Build.0 = Release|Any CPU
		{0FFF4878-FACD-4AA5-9506-CF5333811B21}.AppStore|Any CPU.Deploy.0 = Release|Any CPU
		{0FFF4878-FACD-4AA5-9506-CF5333811B21}.AppStore|ARM.ActiveCfg = Release|Any CPU
		{0FFF4878-FACD-4AA5-9506-CF5333811B21}.AppStore|ARM.Build.0 = Release|Any CPU
		{0FFF4878-FACD-4AA5-9506-CF5333811B21}.AppStore|ARM.Deploy.0 = Release|Any CPU
		{0FFF4878-FACD-4AA5-9506-CF5333811B21}.AppStore|iPhone.ActiveCfg = Release|Any CPU
		{0FFF4878-FACD-4AA5-9506-CF5333811B21}.AppStore|iPhone.Build.0 = Release|Any CPU
		{0FFF4878-FACD-4AA5-9506-CF5333811B21}.AppStore|iPhone.Deploy.0 = Release|Any CPU
		{0FFF4878-FACD-4AA5-9506-CF5333811B21}.AppStore|iPhoneSimulator.ActiveCfg = Release|Any CPU
		{0FFF4878-FACD-4AA5-9506-CF5333811B21}.AppStore|iPhoneSimulator.Build.0 = Release|Any CPU
		{0FFF4878-FACD-4AA5-9506-CF5333811B21}.AppStore|iPhoneSimulator.Deploy.0 = Release|Any CPU
		{0FFF4878-FACD-4AA5-9506-CF5333811B21}.AppStore|x64.ActiveCfg = Release|Any CPU
		{0FFF4878-FACD-4AA5-9506-CF5333811B21}.AppStore|x64.Build.0 = Release|Any CPU
		{0FFF4878-FACD-4AA5-9506-CF5333811B21}.AppStore|x64.Deploy.0 = Release|Any CPU
		{0FFF4878-FACD-4AA5-9506-CF5333811B21}.AppStore|x86.ActiveCfg = Release|Any CPU
		{0FFF4878-FACD-4AA5-9506-CF5333811B21}.AppStore|x86.Build.0 = Release|Any CPU
		{0FFF4878-FACD-4AA5-9506-CF5333811B21}.AppStore|x86.Deploy.0 = Release|Any CPU
		{0FFF4878-FACD-4AA5-9506-CF5333811B21}.Debug|Any CPU.ActiveCfg = Debug|Any CPU
		{0FFF4878-FACD-4AA5-9506-CF5333811B21}.Debug|Any CPU.Build.0 = Debug|Any CPU
		{0FFF4878-FACD-4AA5-9506-CF5333811B21}.Debug|Any CPU.Deploy.0 = Debug|Any CPU
		{0FFF4878-FACD-4AA5-9506-CF5333811B21}.Debug|ARM.ActiveCfg = Debug|Any CPU
		{0FFF4878-FACD-4AA5-9506-CF5333811B21}.Debug|ARM.Build.0 = Debug|Any CPU
		{0FFF4878-FACD-4AA5-9506-CF5333811B21}.Debug|ARM.Deploy.0 = Debug|Any CPU
		{0FFF4878-FACD-4AA5-9506-CF5333811B21}.Debug|iPhone.ActiveCfg = Debug|Any CPU
		{0FFF4878-FACD-4AA5-9506-CF5333811B21}.Debug|iPhone.Build.0 = Debug|Any CPU
		{0FFF4878-FACD-4AA5-9506-CF5333811B21}.Debug|iPhone.Deploy.0 = Debug|Any CPU
		{0FFF4878-FACD-4AA5-9506-CF5333811B21}.Debug|iPhoneSimulator.ActiveCfg = Debug|Any CPU
		{0FFF4878-FACD-4AA5-9506-CF5333811B21}.Debug|iPhoneSimulator.Build.0 = Debug|Any CPU
		{0FFF4878-FACD-4AA5-9506-CF5333811B21}.Debug|iPhoneSimulator.Deploy.0 = Debug|Any CPU
		{0FFF4878-FACD-4AA5-9506-CF5333811B21}.Debug|x64.ActiveCfg = Debug|Any CPU
		{0FFF4878-FACD-4AA5-9506-CF5333811B21}.Debug|x64.Build.0 = Debug|Any CPU
		{0FFF4878-FACD-4AA5-9506-CF5333811B21}.Debug|x64.Deploy.0 = Debug|Any CPU
		{0FFF4878-FACD-4AA5-9506-CF5333811B21}.Debug|x86.ActiveCfg = Debug|Any CPU
		{0FFF4878-FACD-4AA5-9506-CF5333811B21}.Debug|x86.Build.0 = Debug|Any CPU
		{0FFF4878-FACD-4AA5-9506-CF5333811B21}.Debug|x86.Deploy.0 = Debug|Any CPU
		{0FFF4878-FACD-4AA5-9506-CF5333811B21}.Release|Any CPU.ActiveCfg = Release|Any CPU
		{0FFF4878-FACD-4AA5-9506-CF5333811B21}.Release|Any CPU.Build.0 = Release|Any CPU
		{0FFF4878-FACD-4AA5-9506-CF5333811B21}.Release|Any CPU.Deploy.0 = Release|Any CPU
		{0FFF4878-FACD-4AA5-9506-CF5333811B21}.Release|ARM.ActiveCfg = Release|Any CPU
		{0FFF4878-FACD-4AA5-9506-CF5333811B21}.Release|ARM.Build.0 = Release|Any CPU
		{0FFF4878-FACD-4AA5-9506-CF5333811B21}.Release|ARM.Deploy.0 = Release|Any CPU
		{0FFF4878-FACD-4AA5-9506-CF5333811B21}.Release|iPhone.ActiveCfg = Release|Any CPU
		{0FFF4878-FACD-4AA5-9506-CF5333811B21}.Release|iPhone.Build.0 = Release|Any CPU
		{0FFF4878-FACD-4AA5-9506-CF5333811B21}.Release|iPhone.Deploy.0 = Release|Any CPU
		{0FFF4878-FACD-4AA5-9506-CF5333811B21}.Release|iPhoneSimulator.ActiveCfg = Release|Any CPU
		{0FFF4878-FACD-4AA5-9506-CF5333811B21}.Release|iPhoneSimulator.Build.0 = Release|Any CPU
		{0FFF4878-FACD-4AA5-9506-CF5333811B21}.Release|iPhoneSimulator.Deploy.0 = Release|Any CPU
		{0FFF4878-FACD-4AA5-9506-CF5333811B21}.Release|x64.ActiveCfg = Release|Any CPU
		{0FFF4878-FACD-4AA5-9506-CF5333811B21}.Release|x64.Build.0 = Release|Any CPU
		{0FFF4878-FACD-4AA5-9506-CF5333811B21}.Release|x64.Deploy.0 = Release|Any CPU
		{0FFF4878-FACD-4AA5-9506-CF5333811B21}.Release|x86.ActiveCfg = Release|Any CPU
		{0FFF4878-FACD-4AA5-9506-CF5333811B21}.Release|x86.Build.0 = Release|Any CPU
		{0FFF4878-FACD-4AA5-9506-CF5333811B21}.Release|x86.Deploy.0 = Release|Any CPU
		{DCB070E3-A2AF-4910-AFC3-9ED97EBAE4D1}.Ad-Hoc|Any CPU.ActiveCfg = Ad-Hoc|iPhone
		{DCB070E3-A2AF-4910-AFC3-9ED97EBAE4D1}.Ad-Hoc|Any CPU.Build.0 = Ad-Hoc|iPhone
		{DCB070E3-A2AF-4910-AFC3-9ED97EBAE4D1}.Ad-Hoc|Any CPU.Deploy.0 = Ad-Hoc|iPhone
		{DCB070E3-A2AF-4910-AFC3-9ED97EBAE4D1}.Ad-Hoc|ARM.ActiveCfg = Ad-Hoc|iPhone
		{DCB070E3-A2AF-4910-AFC3-9ED97EBAE4D1}.Ad-Hoc|ARM.Build.0 = Ad-Hoc|iPhone
		{DCB070E3-A2AF-4910-AFC3-9ED97EBAE4D1}.Ad-Hoc|ARM.Deploy.0 = Ad-Hoc|iPhone
		{DCB070E3-A2AF-4910-AFC3-9ED97EBAE4D1}.Ad-Hoc|iPhone.ActiveCfg = Ad-Hoc|iPhone
		{DCB070E3-A2AF-4910-AFC3-9ED97EBAE4D1}.Ad-Hoc|iPhone.Build.0 = Ad-Hoc|iPhone
		{DCB070E3-A2AF-4910-AFC3-9ED97EBAE4D1}.Ad-Hoc|iPhone.Deploy.0 = Ad-Hoc|iPhone
		{DCB070E3-A2AF-4910-AFC3-9ED97EBAE4D1}.Ad-Hoc|iPhoneSimulator.ActiveCfg = Ad-Hoc|iPhoneSimulator
		{DCB070E3-A2AF-4910-AFC3-9ED97EBAE4D1}.Ad-Hoc|iPhoneSimulator.Build.0 = Ad-Hoc|iPhoneSimulator
		{DCB070E3-A2AF-4910-AFC3-9ED97EBAE4D1}.Ad-Hoc|iPhoneSimulator.Deploy.0 = Ad-Hoc|iPhoneSimulator
		{DCB070E3-A2AF-4910-AFC3-9ED97EBAE4D1}.Ad-Hoc|x64.ActiveCfg = Ad-Hoc|iPhone
		{DCB070E3-A2AF-4910-AFC3-9ED97EBAE4D1}.Ad-Hoc|x64.Build.0 = Ad-Hoc|iPhone
		{DCB070E3-A2AF-4910-AFC3-9ED97EBAE4D1}.Ad-Hoc|x64.Deploy.0 = Ad-Hoc|iPhone
		{DCB070E3-A2AF-4910-AFC3-9ED97EBAE4D1}.Ad-Hoc|x86.ActiveCfg = Ad-Hoc|iPhone
		{DCB070E3-A2AF-4910-AFC3-9ED97EBAE4D1}.Ad-Hoc|x86.Build.0 = Ad-Hoc|iPhone
		{DCB070E3-A2AF-4910-AFC3-9ED97EBAE4D1}.Ad-Hoc|x86.Deploy.0 = Ad-Hoc|iPhone
		{DCB070E3-A2AF-4910-AFC3-9ED97EBAE4D1}.AppStore|Any CPU.ActiveCfg = AppStore|iPhone
		{DCB070E3-A2AF-4910-AFC3-9ED97EBAE4D1}.AppStore|Any CPU.Build.0 = AppStore|iPhone
		{DCB070E3-A2AF-4910-AFC3-9ED97EBAE4D1}.AppStore|Any CPU.Deploy.0 = AppStore|iPhone
		{DCB070E3-A2AF-4910-AFC3-9ED97EBAE4D1}.AppStore|ARM.ActiveCfg = AppStore|iPhone
		{DCB070E3-A2AF-4910-AFC3-9ED97EBAE4D1}.AppStore|ARM.Build.0 = AppStore|iPhone
		{DCB070E3-A2AF-4910-AFC3-9ED97EBAE4D1}.AppStore|ARM.Deploy.0 = AppStore|iPhone
		{DCB070E3-A2AF-4910-AFC3-9ED97EBAE4D1}.AppStore|iPhone.ActiveCfg = AppStore|iPhone
		{DCB070E3-A2AF-4910-AFC3-9ED97EBAE4D1}.AppStore|iPhone.Build.0 = AppStore|iPhone
		{DCB070E3-A2AF-4910-AFC3-9ED97EBAE4D1}.AppStore|iPhone.Deploy.0 = AppStore|iPhone
		{DCB070E3-A2AF-4910-AFC3-9ED97EBAE4D1}.AppStore|iPhoneSimulator.ActiveCfg = AppStore|iPhoneSimulator
		{DCB070E3-A2AF-4910-AFC3-9ED97EBAE4D1}.AppStore|iPhoneSimulator.Build.0 = AppStore|iPhoneSimulator
		{DCB070E3-A2AF-4910-AFC3-9ED97EBAE4D1}.AppStore|iPhoneSimulator.Deploy.0 = AppStore|iPhoneSimulator
		{DCB070E3-A2AF-4910-AFC3-9ED97EBAE4D1}.AppStore|x64.ActiveCfg = AppStore|iPhone
		{DCB070E3-A2AF-4910-AFC3-9ED97EBAE4D1}.AppStore|x64.Build.0 = AppStore|iPhone
		{DCB070E3-A2AF-4910-AFC3-9ED97EBAE4D1}.AppStore|x64.Deploy.0 = AppStore|iPhone
		{DCB070E3-A2AF-4910-AFC3-9ED97EBAE4D1}.AppStore|x86.ActiveCfg = AppStore|iPhone
		{DCB070E3-A2AF-4910-AFC3-9ED97EBAE4D1}.AppStore|x86.Build.0 = AppStore|iPhone
		{DCB070E3-A2AF-4910-AFC3-9ED97EBAE4D1}.AppStore|x86.Deploy.0 = AppStore|iPhone
		{DCB070E3-A2AF-4910-AFC3-9ED97EBAE4D1}.Debug|Any CPU.ActiveCfg = Debug|iPhoneSimulator
		{DCB070E3-A2AF-4910-AFC3-9ED97EBAE4D1}.Debug|Any CPU.Build.0 = Debug|iPhoneSimulator
		{DCB070E3-A2AF-4910-AFC3-9ED97EBAE4D1}.Debug|Any CPU.Deploy.0 = Debug|iPhoneSimulator
		{DCB070E3-A2AF-4910-AFC3-9ED97EBAE4D1}.Debug|ARM.ActiveCfg = Debug|iPhone
		{DCB070E3-A2AF-4910-AFC3-9ED97EBAE4D1}.Debug|ARM.Build.0 = Debug|iPhone
		{DCB070E3-A2AF-4910-AFC3-9ED97EBAE4D1}.Debug|ARM.Deploy.0 = Debug|iPhone
		{DCB070E3-A2AF-4910-AFC3-9ED97EBAE4D1}.Debug|iPhone.ActiveCfg = Debug|iPhone
		{DCB070E3-A2AF-4910-AFC3-9ED97EBAE4D1}.Debug|iPhone.Build.0 = Debug|iPhone
		{DCB070E3-A2AF-4910-AFC3-9ED97EBAE4D1}.Debug|iPhone.Deploy.0 = Debug|iPhone
		{DCB070E3-A2AF-4910-AFC3-9ED97EBAE4D1}.Debug|iPhoneSimulator.ActiveCfg = Debug|iPhoneSimulator
		{DCB070E3-A2AF-4910-AFC3-9ED97EBAE4D1}.Debug|iPhoneSimulator.Build.0 = Debug|iPhoneSimulator
		{DCB070E3-A2AF-4910-AFC3-9ED97EBAE4D1}.Debug|iPhoneSimulator.Deploy.0 = Debug|iPhoneSimulator
		{DCB070E3-A2AF-4910-AFC3-9ED97EBAE4D1}.Debug|x64.ActiveCfg = Debug|iPhone
		{DCB070E3-A2AF-4910-AFC3-9ED97EBAE4D1}.Debug|x64.Build.0 = Debug|iPhone
		{DCB070E3-A2AF-4910-AFC3-9ED97EBAE4D1}.Debug|x64.Deploy.0 = Debug|iPhone
		{DCB070E3-A2AF-4910-AFC3-9ED97EBAE4D1}.Debug|x86.ActiveCfg = Debug|iPhone
		{DCB070E3-A2AF-4910-AFC3-9ED97EBAE4D1}.Debug|x86.Build.0 = Debug|iPhone
		{DCB070E3-A2AF-4910-AFC3-9ED97EBAE4D1}.Debug|x86.Deploy.0 = Debug|iPhone
		{DCB070E3-A2AF-4910-AFC3-9ED97EBAE4D1}.Release|Any CPU.ActiveCfg = Release|iPhone
		{DCB070E3-A2AF-4910-AFC3-9ED97EBAE4D1}.Release|Any CPU.Build.0 = Release|iPhone
		{DCB070E3-A2AF-4910-AFC3-9ED97EBAE4D1}.Release|Any CPU.Deploy.0 = Release|iPhone
		{DCB070E3-A2AF-4910-AFC3-9ED97EBAE4D1}.Release|ARM.ActiveCfg = Release|iPhone
		{DCB070E3-A2AF-4910-AFC3-9ED97EBAE4D1}.Release|ARM.Build.0 = Release|iPhone
		{DCB070E3-A2AF-4910-AFC3-9ED97EBAE4D1}.Release|ARM.Deploy.0 = Release|iPhone
		{DCB070E3-A2AF-4910-AFC3-9ED97EBAE4D1}.Release|iPhone.ActiveCfg = Release|iPhone
		{DCB070E3-A2AF-4910-AFC3-9ED97EBAE4D1}.Release|iPhone.Build.0 = Release|iPhone
		{DCB070E3-A2AF-4910-AFC3-9ED97EBAE4D1}.Release|iPhone.Deploy.0 = Release|iPhone
		{DCB070E3-A2AF-4910-AFC3-9ED97EBAE4D1}.Release|iPhoneSimulator.ActiveCfg = Release|iPhoneSimulator
		{DCB070E3-A2AF-4910-AFC3-9ED97EBAE4D1}.Release|iPhoneSimulator.Build.0 = Release|iPhoneSimulator
		{DCB070E3-A2AF-4910-AFC3-9ED97EBAE4D1}.Release|iPhoneSimulator.Deploy.0 = Release|iPhoneSimulator
		{DCB070E3-A2AF-4910-AFC3-9ED97EBAE4D1}.Release|x64.ActiveCfg = Release|iPhone
		{DCB070E3-A2AF-4910-AFC3-9ED97EBAE4D1}.Release|x64.Build.0 = Release|iPhone
		{DCB070E3-A2AF-4910-AFC3-9ED97EBAE4D1}.Release|x64.Deploy.0 = Release|iPhone
		{DCB070E3-A2AF-4910-AFC3-9ED97EBAE4D1}.Release|x86.ActiveCfg = Release|iPhone
		{DCB070E3-A2AF-4910-AFC3-9ED97EBAE4D1}.Release|x86.Build.0 = Release|iPhone
		{DCB070E3-A2AF-4910-AFC3-9ED97EBAE4D1}.Release|x86.Deploy.0 = Release|iPhone
	EndGlobalSection
	GlobalSection(SolutionProperties) = preSolution
		HideSolutionNode = FALSE
	EndGlobalSection
EndGlobal
